// !$*UTF8*$!
{
	archiveVersion = 1;
	classes = {
	};
	objectVersion = 48;
	objects = {

/* Begin PBXBuildFile section */
		1D0618D12068DB0D002C1F11 /* NotificationStatus.swift in Sources */ = {isa = PBXBuildFile; fileRef = 1D0618D02068DB0D002C1F11 /* NotificationStatus.swift */; };
		1D1564D2205116E300A2EE64 /* LayoutServicesCollectionViewCell.swift in Sources */ = {isa = PBXBuildFile; fileRef = 1D1564D1205116E300A2EE64 /* LayoutServicesCollectionViewCell.swift */; };
		1D1564D4205131B800A2EE64 /* LayoutDataSetsCollectionViewCell.swift in Sources */ = {isa = PBXBuildFile; fileRef = 1D1564D3205131B800A2EE64 /* LayoutDataSetsCollectionViewCell.swift */; };
		1D451EFA2040031200328551 /* AppDelegate.swift in Sources */ = {isa = PBXBuildFile; fileRef = 1D451EF92040031200328551 /* AppDelegate.swift */; };
		1D451EFC2040031200328551 /* NotificationViewController.swift in Sources */ = {isa = PBXBuildFile; fileRef = 1D451EFB2040031200328551 /* NotificationViewController.swift */; };
		1D451EFE2040031200328551 /* DataSetViewController.swift in Sources */ = {isa = PBXBuildFile; fileRef = 1D451EFD2040031200328551 /* DataSetViewController.swift */; };
		1D451F012040031200328551 /* Main.storyboard in Resources */ = {isa = PBXBuildFile; fileRef = 1D451EFF2040031200328551 /* Main.storyboard */; };
		1D451F032040031200328551 /* Assets.xcassets in Resources */ = {isa = PBXBuildFile; fileRef = 1D451F022040031200328551 /* Assets.xcassets */; };
		1D451F062040031200328551 /* LaunchScreen.storyboard in Resources */ = {isa = PBXBuildFile; fileRef = 1D451F042040031200328551 /* LaunchScreen.storyboard */; };
		1D451F112040031200328551 /* citizenconnectTests.swift in Sources */ = {isa = PBXBuildFile; fileRef = 1D451F102040031200328551 /* citizenconnectTests.swift */; };
		1D451F1C2040031200328551 /* citizenconnectUITests.swift in Sources */ = {isa = PBXBuildFile; fileRef = 1D451F1B2040031200328551 /* citizenconnectUITests.swift */; };
		1D4717162061394000981B20 /* AboutUsVC.swift in Sources */ = {isa = PBXBuildFile; fileRef = 1D4717152061394000981B20 /* AboutUsVC.swift */; };
		1D486052206B86330059BE95 /* ApiManager.swift in Sources */ = {isa = PBXBuildFile; fileRef = 1D486051206B86330059BE95 /* ApiManager.swift */; };
		1D49E6612057A3E700B088BE /* LaunchScreenViewController.swift in Sources */ = {isa = PBXBuildFile; fileRef = 1D49E6602057A3E700B088BE /* LaunchScreenViewController.swift */; };
		1D49E6632057B56F00B088BE /* DataSet.swift in Sources */ = {isa = PBXBuildFile; fileRef = 1D49E6622057B56F00B088BE /* DataSet.swift */; };
		1D4D82152051621B00D81F71 /* PdfViewer.swift in Sources */ = {isa = PBXBuildFile; fileRef = 1D4D82142051621B00D81F71 /* PdfViewer.swift */; };
		1D55A90F2060F45700A9B81C /* VerifyPhoneController.swift in Sources */ = {isa = PBXBuildFile; fileRef = 1D55A90E2060F45700A9B81C /* VerifyPhoneController.swift */; };
		1D594B03205ED9390016EA1B /* NotificationNC.swift in Sources */ = {isa = PBXBuildFile; fileRef = 1D594B02205ED9390016EA1B /* NotificationNC.swift */; };
		1DA0F4D9206232C900807630 /* Alamofire.framework in Frameworks */ = {isa = PBXBuildFile; fileRef = 1DA0F4DA206232C900807630 /* Alamofire.framework */; };
		1DA88766204FD11500554C76 /* ServicesViewController.swift in Sources */ = {isa = PBXBuildFile; fileRef = 1DA88765204FD11500554C76 /* ServicesViewController.swift */; };
		1DA88768204FD47700554C76 /* Services.swift in Sources */ = {isa = PBXBuildFile; fileRef = 1DA88767204FD47700554C76 /* Services.swift */; };
		1DA8876A204FDAA400554C76 /* Layout.swift in Sources */ = {isa = PBXBuildFile; fileRef = 1DA88769204FDAA300554C76 /* Layout.swift */; };
		1DA8876C204FDD1600554C76 /* MyUtils.swift in Sources */ = {isa = PBXBuildFile; fileRef = 1DA8876B204FDD1600554C76 /* MyUtils.swift */; };
		1DB123AC20610FC700C6968A /* DataListNC.swift in Sources */ = {isa = PBXBuildFile; fileRef = 1DB123AB20610FC700C6968A /* DataListNC.swift */; };
		1DB123AE206112AA00C6968A /* ServicesNC.swift in Sources */ = {isa = PBXBuildFile; fileRef = 1DB123AD206112AA00C6968A /* ServicesNC.swift */; };
		1DBD37AE2059360600B13217 /* DataSetLsitViewController.swift in Sources */ = {isa = PBXBuildFile; fileRef = 1DBD37AD2059360600B13217 /* DataSetLsitViewController.swift */; };
		1DBD37B02059392500B13217 /* DataSetsTableViewCell.swift in Sources */ = {isa = PBXBuildFile; fileRef = 1DBD37AF2059392500B13217 /* DataSetsTableViewCell.swift */; };
		1DC7159B2046AA1F00D7C9F7 /* RealmSwift.framework in Frameworks */ = {isa = PBXBuildFile; fileRef = 1DC7159A2046AA1F00D7C9F7 /* RealmSwift.framework */; };
		1DC7159C2046AA1F00D7C9F7 /* RealmSwift.framework in Embed Frameworks */ = {isa = PBXBuildFile; fileRef = 1DC7159A2046AA1F00D7C9F7 /* RealmSwift.framework */; settings = {ATTRIBUTES = (CodeSignOnCopy, RemoveHeadersOnCopy, ); }; };
		1DC7159E2046AA2A00D7C9F7 /* Realm.framework in Frameworks */ = {isa = PBXBuildFile; fileRef = 1DC7159D2046AA2A00D7C9F7 /* Realm.framework */; };
		1DC7159F2046AA2A00D7C9F7 /* Realm.framework in Embed Frameworks */ = {isa = PBXBuildFile; fileRef = 1DC7159D2046AA2A00D7C9F7 /* Realm.framework */; settings = {ATTRIBUTES = (CodeSignOnCopy, RemoveHeadersOnCopy, ); }; };
		1DC715A22046AF3200D7C9F7 /* Notification.swift in Sources */ = {isa = PBXBuildFile; fileRef = 1DC715A12046AF3200D7C9F7 /* Notification.swift */; };
		1DC715A52046B4B700D7C9F7 /* Firebase.swift in Sources */ = {isa = PBXBuildFile; fileRef = 1DC715A42046B4B700D7C9F7 /* Firebase.swift */; };
		1DD3EBE72056B2A30000CE11 /* LaunchScreenController.swift in Sources */ = {isa = PBXBuildFile; fileRef = 1DD3EBE62056B2A30000CE11 /* LaunchScreenController.swift */; };
		1DD7B828205B88910094137A /* ImageViewer.swift in Sources */ = {isa = PBXBuildFile; fileRef = 1DD7B827205B88910094137A /* ImageViewer.swift */; };
		1DDF2E662059A5AF0098185C /* Spinner.swift in Sources */ = {isa = PBXBuildFile; fileRef = 1DDF2E652059A5AF0098185C /* Spinner.swift */; };
		1DEEA0A9205A61310078D764 /* FeedbackViewController.swift in Sources */ = {isa = PBXBuildFile; fileRef = 1DEEA0A8205A61310078D764 /* FeedbackViewController.swift */; };
		1DFCEA382048941000078695 /* NotificationCollectionViewCell.swift in Sources */ = {isa = PBXBuildFile; fileRef = 1DFCEA372048941000078695 /* NotificationCollectionViewCell.swift */; };
		1DFED7A220616DBE0060923A /* PopUpViewController.swift in Sources */ = {isa = PBXBuildFile; fileRef = 1DFED7A120616DBE0060923A /* PopUpViewController.swift */; };
		1DFED7A420619BC50060923A /* GoogleService-Info.plist in Resources */ = {isa = PBXBuildFile; fileRef = 1DFED7A320619BC50060923A /* GoogleService-Info.plist */; };
		AD94AE88A3B8A26861419D35 /* Pods_citizenconnectTests.framework in Frameworks */ = {isa = PBXBuildFile; fileRef = 15653F29B7175866F83FB0AE /* Pods_citizenconnectTests.framework */; };
		B2880BB1228DF4CEEE891D13 /* Pods_citizenconnect.framework in Frameworks */ = {isa = PBXBuildFile; fileRef = 71900A01402028B620234862 /* Pods_citizenconnect.framework */; };
		D4389B6CBC34BBF4EC9DB9C9 /* Pods_citizenconnectUITests.framework in Frameworks */ = {isa = PBXBuildFile; fileRef = 87B2D8489847CF80A2E08F56 /* Pods_citizenconnectUITests.framework */; };
/* End PBXBuildFile section */

/* Begin PBXContainerItemProxy section */
		1D451F0D2040031200328551 /* PBXContainerItemProxy */ = {
			isa = PBXContainerItemProxy;
			containerPortal = 1D451EEE2040031200328551 /* Project object */;
			proxyType = 1;
			remoteGlobalIDString = 1D451EF52040031200328551;
			remoteInfo = citizenconnect;
		};
		1D451F182040031200328551 /* PBXContainerItemProxy */ = {
			isa = PBXContainerItemProxy;
			containerPortal = 1D451EEE2040031200328551 /* Project object */;
			proxyType = 1;
			remoteGlobalIDString = 1D451EF52040031200328551;
			remoteInfo = citizenconnect;
		};
/* End PBXContainerItemProxy section */

/* Begin PBXCopyFilesBuildPhase section */
		1DC715992046A93900D7C9F7 /* Embed Frameworks */ = {
			isa = PBXCopyFilesBuildPhase;
			buildActionMask = 12;
			dstPath = "";
			dstSubfolderSpec = 10;
			files = (
				1DC7159F2046AA2A00D7C9F7 /* Realm.framework in Embed Frameworks */,
				1DC7159C2046AA1F00D7C9F7 /* RealmSwift.framework in Embed Frameworks */,
			);
			name = "Embed Frameworks";
			runOnlyForDeploymentPostprocessing = 0;
		};
/* End PBXCopyFilesBuildPhase section */

/* Begin PBXFileReference section */
		0EE205844894EC3DDF5B88BE /* Pods-citizenconnect.release.xcconfig */ = {isa = PBXFileReference; includeInIndex = 1; lastKnownFileType = text.xcconfig; name = "Pods-citizenconnect.release.xcconfig"; path = "Pods/Target Support Files/Pods-citizenconnect/Pods-citizenconnect.release.xcconfig"; sourceTree = "<group>"; };
		15653F29B7175866F83FB0AE /* Pods_citizenconnectTests.framework */ = {isa = PBXFileReference; explicitFileType = wrapper.framework; includeInIndex = 0; path = Pods_citizenconnectTests.framework; sourceTree = BUILT_PRODUCTS_DIR; };
		1D0618D02068DB0D002C1F11 /* NotificationStatus.swift */ = {isa = PBXFileReference; lastKnownFileType = sourcecode.swift; path = NotificationStatus.swift; sourceTree = "<group>"; };
		1D1564D1205116E300A2EE64 /* LayoutServicesCollectionViewCell.swift */ = {isa = PBXFileReference; lastKnownFileType = sourcecode.swift; path = LayoutServicesCollectionViewCell.swift; sourceTree = "<group>"; };
		1D1564D3205131B800A2EE64 /* LayoutDataSetsCollectionViewCell.swift */ = {isa = PBXFileReference; lastKnownFileType = sourcecode.swift; path = LayoutDataSetsCollectionViewCell.swift; sourceTree = "<group>"; };
		1D451EF62040031200328551 /* citizenconnect.app */ = {isa = PBXFileReference; explicitFileType = wrapper.application; includeInIndex = 0; path = citizenconnect.app; sourceTree = BUILT_PRODUCTS_DIR; };
		1D451EF92040031200328551 /* AppDelegate.swift */ = {isa = PBXFileReference; lastKnownFileType = sourcecode.swift; path = AppDelegate.swift; sourceTree = "<group>"; };
		1D451EFB2040031200328551 /* NotificationViewController.swift */ = {isa = PBXFileReference; lastKnownFileType = sourcecode.swift; name = NotificationViewController.swift; path = citizenconnect/Controller/Notifications/NotificationViewController.swift; sourceTree = SOURCE_ROOT; };
		1D451EFD2040031200328551 /* DataSetViewController.swift */ = {isa = PBXFileReference; lastKnownFileType = sourcecode.swift; name = DataSetViewController.swift; path = citizenconnect/Controller/DataSets/DataSetViewController.swift; sourceTree = SOURCE_ROOT; };
		1D451F002040031200328551 /* Base */ = {isa = PBXFileReference; lastKnownFileType = file.storyboard; name = Base; path = Base.lproj/Main.storyboard; sourceTree = "<group>"; };
		1D451F022040031200328551 /* Assets.xcassets */ = {isa = PBXFileReference; lastKnownFileType = folder.assetcatalog; path = Assets.xcassets; sourceTree = "<group>"; };
		1D451F052040031200328551 /* Base */ = {isa = PBXFileReference; lastKnownFileType = file.storyboard; name = Base; path = Base.lproj/LaunchScreen.storyboard; sourceTree = "<group>"; };
		1D451F072040031200328551 /* Info.plist */ = {isa = PBXFileReference; lastKnownFileType = text.plist.xml; path = Info.plist; sourceTree = "<group>"; };
		1D451F0C2040031200328551 /* citizenconnectTests.xctest */ = {isa = PBXFileReference; explicitFileType = wrapper.cfbundle; includeInIndex = 0; path = citizenconnectTests.xctest; sourceTree = BUILT_PRODUCTS_DIR; };
		1D451F102040031200328551 /* citizenconnectTests.swift */ = {isa = PBXFileReference; lastKnownFileType = sourcecode.swift; path = citizenconnectTests.swift; sourceTree = "<group>"; };
		1D451F122040031200328551 /* Info.plist */ = {isa = PBXFileReference; lastKnownFileType = text.plist.xml; path = Info.plist; sourceTree = "<group>"; };
		1D451F172040031200328551 /* citizenconnectUITests.xctest */ = {isa = PBXFileReference; explicitFileType = wrapper.cfbundle; includeInIndex = 0; path = citizenconnectUITests.xctest; sourceTree = BUILT_PRODUCTS_DIR; };
		1D451F1B2040031200328551 /* citizenconnectUITests.swift */ = {isa = PBXFileReference; lastKnownFileType = sourcecode.swift; path = citizenconnectUITests.swift; sourceTree = "<group>"; };
		1D451F1D2040031200328551 /* Info.plist */ = {isa = PBXFileReference; lastKnownFileType = text.plist.xml; path = Info.plist; sourceTree = "<group>"; };
		1D4717152061394000981B20 /* AboutUsVC.swift */ = {isa = PBXFileReference; lastKnownFileType = sourcecode.swift; name = AboutUsVC.swift; path = citizenconnect/Controller/AboutUsVC.swift; sourceTree = SOURCE_ROOT; };
		1D486051206B86330059BE95 /* ApiManager.swift */ = {isa = PBXFileReference; lastKnownFileType = sourcecode.swift; path = ApiManager.swift; sourceTree = "<group>"; };
		1D49E6602057A3E700B088BE /* LaunchScreenViewController.swift */ = {isa = PBXFileReference; lastKnownFileType = sourcecode.swift; name = LaunchScreenViewController.swift; path = citizenconnect/Controller/LaunchScreenViewController.swift; sourceTree = SOURCE_ROOT; };
		1D49E6622057B56F00B088BE /* DataSet.swift */ = {isa = PBXFileReference; lastKnownFileType = sourcecode.swift; path = DataSet.swift; sourceTree = "<group>"; };
		1D4D82142051621B00D81F71 /* PdfViewer.swift */ = {isa = PBXFileReference; lastKnownFileType = sourcecode.swift; path = PdfViewer.swift; sourceTree = "<group>"; };
		1D55A90D2060E59E00A9B81C /* citizenconnect.entitlements */ = {isa = PBXFileReference; lastKnownFileType = text.plist.entitlements; path = citizenconnect.entitlements; sourceTree = "<group>"; };
		1D55A90E2060F45700A9B81C /* VerifyPhoneController.swift */ = {isa = PBXFileReference; lastKnownFileType = sourcecode.swift; name = VerifyPhoneController.swift; path = citizenconnect/Controller/Feedback/VerifyPhoneController.swift; sourceTree = SOURCE_ROOT; };
		1D594B02205ED9390016EA1B /* NotificationNC.swift */ = {isa = PBXFileReference; lastKnownFileType = sourcecode.swift; name = NotificationNC.swift; path = citizenconnect/Controller/Notifications/NotificationNC.swift; sourceTree = SOURCE_ROOT; };
		1DA0F4D620622FA700807630 /* Alamofire.framework */ = {isa = PBXFileReference; explicitFileType = wrapper.framework; path = Alamofire.framework; sourceTree = BUILT_PRODUCTS_DIR; };
		1DA0F4DA206232C900807630 /* Alamofire.framework */ = {isa = PBXFileReference; explicitFileType = wrapper.framework; path = Alamofire.framework; sourceTree = BUILT_PRODUCTS_DIR; };
		1DA88765204FD11500554C76 /* ServicesViewController.swift */ = {isa = PBXFileReference; lastKnownFileType = sourcecode.swift; path = ServicesViewController.swift; sourceTree = "<group>"; };
		1DA88767204FD47700554C76 /* Services.swift */ = {isa = PBXFileReference; lastKnownFileType = sourcecode.swift; path = Services.swift; sourceTree = "<group>"; };
		1DA88769204FDAA300554C76 /* Layout.swift */ = {isa = PBXFileReference; lastKnownFileType = sourcecode.swift; path = Layout.swift; sourceTree = "<group>"; };
		1DA8876B204FDD1600554C76 /* MyUtils.swift */ = {isa = PBXFileReference; lastKnownFileType = sourcecode.swift; path = MyUtils.swift; sourceTree = "<group>"; };
		1DB123AB20610FC700C6968A /* DataListNC.swift */ = {isa = PBXFileReference; lastKnownFileType = sourcecode.swift; name = DataListNC.swift; path = citizenconnect/Controller/DataSets/DataListNC.swift; sourceTree = SOURCE_ROOT; };
		1DB123AD206112AA00C6968A /* ServicesNC.swift */ = {isa = PBXFileReference; lastKnownFileType = sourcecode.swift; name = ServicesNC.swift; path = citizenconnect/Controller/Services/ServicesNC.swift; sourceTree = SOURCE_ROOT; };
		1DBD37AD2059360600B13217 /* DataSetLsitViewController.swift */ = {isa = PBXFileReference; lastKnownFileType = sourcecode.swift; name = DataSetLsitViewController.swift; path = citizenconnect/Controller/DataSets/DataSetLsitViewController.swift; sourceTree = SOURCE_ROOT; };
		1DBD37AF2059392500B13217 /* DataSetsTableViewCell.swift */ = {isa = PBXFileReference; lastKnownFileType = sourcecode.swift; path = DataSetsTableViewCell.swift; sourceTree = "<group>"; };
		1DC7159A2046AA1F00D7C9F7 /* RealmSwift.framework */ = {isa = PBXFileReference; lastKnownFileType = wrapper.framework; path = RealmSwift.framework; sourceTree = "<group>"; };
		1DC7159D2046AA2A00D7C9F7 /* Realm.framework */ = {isa = PBXFileReference; lastKnownFileType = wrapper.framework; path = Realm.framework; sourceTree = "<group>"; };
		1DC715A12046AF3200D7C9F7 /* Notification.swift */ = {isa = PBXFileReference; lastKnownFileType = sourcecode.swift; path = Notification.swift; sourceTree = "<group>"; };
		1DC715A42046B4B700D7C9F7 /* Firebase.swift */ = {isa = PBXFileReference; lastKnownFileType = sourcecode.swift; path = Firebase.swift; sourceTree = "<group>"; };
		1DD3EBE62056B2A30000CE11 /* LaunchScreenController.swift */ = {isa = PBXFileReference; lastKnownFileType = sourcecode.swift; path = LaunchScreenController.swift; sourceTree = "<group>"; };
		1DD7B827205B88910094137A /* ImageViewer.swift */ = {isa = PBXFileReference; lastKnownFileType = sourcecode.swift; name = ImageViewer.swift; path = citizenconnect/Controller/Notifications/ImageViewer.swift; sourceTree = SOURCE_ROOT; };
		1DDF2E652059A5AF0098185C /* Spinner.swift */ = {isa = PBXFileReference; lastKnownFileType = sourcecode.swift; path = Spinner.swift; sourceTree = "<group>"; };
		1DEEA0A8205A61310078D764 /* FeedbackViewController.swift */ = {isa = PBXFileReference; lastKnownFileType = sourcecode.swift; name = FeedbackViewController.swift; path = citizenconnect/Controller/Feedback/FeedbackViewController.swift; sourceTree = SOURCE_ROOT; };
		1DFCEA372048941000078695 /* NotificationCollectionViewCell.swift */ = {isa = PBXFileReference; lastKnownFileType = sourcecode.swift; name = NotificationCollectionViewCell.swift; path = citizenconnect/Views/NotificationCollectionViewCell.swift; sourceTree = SOURCE_ROOT; };
		1DFED7A120616DBE0060923A /* PopUpViewController.swift */ = {isa = PBXFileReference; lastKnownFileType = sourcecode.swift; name = PopUpViewController.swift; path = citizenconnect/Controller/PopUpViewController.swift; sourceTree = SOURCE_ROOT; };
		1DFED7A320619BC50060923A /* GoogleService-Info.plist */ = {isa = PBXFileReference; fileEncoding = 4; lastKnownFileType = text.plist.xml; path = "GoogleService-Info.plist"; sourceTree = "<group>"; };
		70DD340F62B5A9FD9E8D5861 /* Pods-citizenconnect.debug.xcconfig */ = {isa = PBXFileReference; includeInIndex = 1; lastKnownFileType = text.xcconfig; name = "Pods-citizenconnect.debug.xcconfig"; path = "Pods/Target Support Files/Pods-citizenconnect/Pods-citizenconnect.debug.xcconfig"; sourceTree = "<group>"; };
		71900A01402028B620234862 /* Pods_citizenconnect.framework */ = {isa = PBXFileReference; explicitFileType = wrapper.framework; includeInIndex = 0; path = Pods_citizenconnect.framework; sourceTree = BUILT_PRODUCTS_DIR; };
		7BDC9F3F73A496F3F15DF165 /* Pods-citizenconnectUITests.release.xcconfig */ = {isa = PBXFileReference; includeInIndex = 1; lastKnownFileType = text.xcconfig; name = "Pods-citizenconnectUITests.release.xcconfig"; path = "Pods/Target Support Files/Pods-citizenconnectUITests/Pods-citizenconnectUITests.release.xcconfig"; sourceTree = "<group>"; };
		87B2D8489847CF80A2E08F56 /* Pods_citizenconnectUITests.framework */ = {isa = PBXFileReference; explicitFileType = wrapper.framework; includeInIndex = 0; path = Pods_citizenconnectUITests.framework; sourceTree = BUILT_PRODUCTS_DIR; };
		9992752076C8A79FF3C822AD /* Pods-citizenconnectTests.debug.xcconfig */ = {isa = PBXFileReference; includeInIndex = 1; lastKnownFileType = text.xcconfig; name = "Pods-citizenconnectTests.debug.xcconfig"; path = "Pods/Target Support Files/Pods-citizenconnectTests/Pods-citizenconnectTests.debug.xcconfig"; sourceTree = "<group>"; };
		D951B2C004AD4AA0456520BB /* Pods-citizenconnectTests.release.xcconfig */ = {isa = PBXFileReference; includeInIndex = 1; lastKnownFileType = text.xcconfig; name = "Pods-citizenconnectTests.release.xcconfig"; path = "Pods/Target Support Files/Pods-citizenconnectTests/Pods-citizenconnectTests.release.xcconfig"; sourceTree = "<group>"; };
		E373C370EAF3309AAABEEF92 /* Pods-citizenconnectUITests.debug.xcconfig */ = {isa = PBXFileReference; includeInIndex = 1; lastKnownFileType = text.xcconfig; name = "Pods-citizenconnectUITests.debug.xcconfig"; path = "Pods/Target Support Files/Pods-citizenconnectUITests/Pods-citizenconnectUITests.debug.xcconfig"; sourceTree = "<group>"; };
/* End PBXFileReference section */

/* Begin PBXFrameworksBuildPhase section */
		1D451EF32040031200328551 /* Frameworks */ = {
			isa = PBXFrameworksBuildPhase;
			buildActionMask = 2147483647;
			files = (
				1DA0F4D9206232C900807630 /* Alamofire.framework in Frameworks */,
				1DC7159E2046AA2A00D7C9F7 /* Realm.framework in Frameworks */,
				1DC7159B2046AA1F00D7C9F7 /* RealmSwift.framework in Frameworks */,
				B2880BB1228DF4CEEE891D13 /* Pods_citizenconnect.framework in Frameworks */,
			);
			runOnlyForDeploymentPostprocessing = 0;
		};
		1D451F092040031200328551 /* Frameworks */ = {
			isa = PBXFrameworksBuildPhase;
			buildActionMask = 2147483647;
			files = (
				AD94AE88A3B8A26861419D35 /* Pods_citizenconnectTests.framework in Frameworks */,
			);
			runOnlyForDeploymentPostprocessing = 0;
		};
		1D451F142040031200328551 /* Frameworks */ = {
			isa = PBXFrameworksBuildPhase;
			buildActionMask = 2147483647;
			files = (
				D4389B6CBC34BBF4EC9DB9C9 /* Pods_citizenconnectUITests.framework in Frameworks */,
			);
			runOnlyForDeploymentPostprocessing = 0;
		};
/* End PBXFrameworksBuildPhase section */

/* Begin PBXGroup section */
		1D12D1722041F67600514754 /* Views */ = {
			isa = PBXGroup;
			children = (
				1DFCEA372048941000078695 /* NotificationCollectionViewCell.swift */,
				1D1564D1205116E300A2EE64 /* LayoutServicesCollectionViewCell.swift */,
				1D1564D3205131B800A2EE64 /* LayoutDataSetsCollectionViewCell.swift */,
				1DBD37AF2059392500B13217 /* DataSetsTableViewCell.swift */,
			);
			path = Views;
			sourceTree = "<group>";
		};
		1D12D1732041F68B00514754 /* Controller */ = {
			isa = PBXGroup;
			children = (
				1D451F30204003FD00328551 /* Feedback */,
				1D451F2F204003EB00328551 /* DataSets */,
				1D451F2E204003E300328551 /* Services */,
				1D451F2D204003DA00328551 /* Notifications */,
				1DA8876B204FDD1600554C76 /* MyUtils.swift */,
				1D49E6602057A3E700B088BE /* LaunchScreenViewController.swift */,
				1DDF2E652059A5AF0098185C /* Spinner.swift */,
				1D4717152061394000981B20 /* AboutUsVC.swift */,
				1DFED7A120616DBE0060923A /* PopUpViewController.swift */,
			);
			path = Controller;
			sourceTree = "<group>";
		};
		1D451EED2040031200328551 = {
			isa = PBXGroup;
			children = (
				1DA0F4D620622FA700807630 /* Alamofire.framework */,
				1DC7159D2046AA2A00D7C9F7 /* Realm.framework */,
				1DC7159A2046AA1F00D7C9F7 /* RealmSwift.framework */,
				1D451EF82040031200328551 /* citizenconnect */,
				1D451F0F2040031200328551 /* citizenconnectTests */,
				1D451F1A2040031200328551 /* citizenconnectUITests */,
				1D451EF72040031200328551 /* Products */,
				60A4C385C9F29E6718A02015 /* Pods */,
				7852A452F212DEFEDC9BDE7B /* Frameworks */,
			);
			sourceTree = "<group>";
		};
		1D451EF72040031200328551 /* Products */ = {
			isa = PBXGroup;
			children = (
				1D451EF62040031200328551 /* citizenconnect.app */,
				1D451F0C2040031200328551 /* citizenconnectTests.xctest */,
				1D451F172040031200328551 /* citizenconnectUITests.xctest */,
			);
			name = Products;
			sourceTree = "<group>";
		};
		1D451EF82040031200328551 /* citizenconnect */ = {
			isa = PBXGroup;
			children = (
				1DFED7A320619BC50060923A /* GoogleService-Info.plist */,
				1D55A90D2060E59E00A9B81C /* citizenconnect.entitlements */,
				1DC715A32046B47900D7C9F7 /* Constants */,
				1D12D1732041F68B00514754 /* Controller */,
				1D12D1722041F67600514754 /* Views */,
				1D451F2A2040038300328551 /* Model */,
				1D451EF92040031200328551 /* AppDelegate.swift */,
				1D451EFF2040031200328551 /* Main.storyboard */,
				1D451F022040031200328551 /* Assets.xcassets */,
				1D451F042040031200328551 /* LaunchScreen.storyboard */,
				1D451F072040031200328551 /* Info.plist */,
				1DD3EBE62056B2A30000CE11 /* LaunchScreenController.swift */,
			);
			path = citizenconnect;
			sourceTree = "<group>";
		};
		1D451F0F2040031200328551 /* citizenconnectTests */ = {
			isa = PBXGroup;
			children = (
				1D451F102040031200328551 /* citizenconnectTests.swift */,
				1D451F122040031200328551 /* Info.plist */,
			);
			path = citizenconnectTests;
			sourceTree = "<group>";
		};
		1D451F1A2040031200328551 /* citizenconnectUITests */ = {
			isa = PBXGroup;
			children = (
				1D451F1B2040031200328551 /* citizenconnectUITests.swift */,
				1D451F1D2040031200328551 /* Info.plist */,
			);
			path = citizenconnectUITests;
			sourceTree = "<group>";
		};
		1D451F2A2040038300328551 /* Model */ = {
			isa = PBXGroup;
			children = (
				1DC715A12046AF3200D7C9F7 /* Notification.swift */,
				1DA88767204FD47700554C76 /* Services.swift */,
				1DA88769204FDAA300554C76 /* Layout.swift */,
				1D49E6622057B56F00B088BE /* DataSet.swift */,
				1D0618D02068DB0D002C1F11 /* NotificationStatus.swift */,
			);
			path = Model;
			sourceTree = "<group>";
		};
		1D451F2D204003DA00328551 /* Notifications */ = {
			isa = PBXGroup;
			children = (
				1D451EFB2040031200328551 /* NotificationViewController.swift */,
				1DD7B827205B88910094137A /* ImageViewer.swift */,
				1D594B02205ED9390016EA1B /* NotificationNC.swift */,
			);
			path = Notifications;
			sourceTree = "<group>";
		};
		1D451F2E204003E300328551 /* Services */ = {
			isa = PBXGroup;
			children = (
				1DA88765204FD11500554C76 /* ServicesViewController.swift */,
				1D4D82142051621B00D81F71 /* PdfViewer.swift */,
				1DB123AD206112AA00C6968A /* ServicesNC.swift */,
			);
			path = Services;
			sourceTree = "<group>";
		};
		1D451F2F204003EB00328551 /* DataSets */ = {
			isa = PBXGroup;
			children = (
				1D451EFD2040031200328551 /* DataSetViewController.swift */,
				1DBD37AD2059360600B13217 /* DataSetLsitViewController.swift */,
				1DB123AB20610FC700C6968A /* DataListNC.swift */,
			);
			path = DataSets;
			sourceTree = "<group>";
		};
		1D451F30204003FD00328551 /* Feedback */ = {
			isa = PBXGroup;
			children = (
				1DEEA0A8205A61310078D764 /* FeedbackViewController.swift */,
				1D55A90E2060F45700A9B81C /* VerifyPhoneController.swift */,
			);
			path = Feedback;
			sourceTree = "<group>";
		};
		1DC715A32046B47900D7C9F7 /* Constants */ = {
			isa = PBXGroup;
			children = (
				1DC715A42046B4B700D7C9F7 /* Firebase.swift */,
				1D486051206B86330059BE95 /* ApiManager.swift */,
			);
			path = Constants;
			sourceTree = "<group>";
		};
		60A4C385C9F29E6718A02015 /* Pods */ = {
			isa = PBXGroup;
			children = (
				70DD340F62B5A9FD9E8D5861 /* Pods-citizenconnect.debug.xcconfig */,
				0EE205844894EC3DDF5B88BE /* Pods-citizenconnect.release.xcconfig */,
				9992752076C8A79FF3C822AD /* Pods-citizenconnectTests.debug.xcconfig */,
				D951B2C004AD4AA0456520BB /* Pods-citizenconnectTests.release.xcconfig */,
				E373C370EAF3309AAABEEF92 /* Pods-citizenconnectUITests.debug.xcconfig */,
				7BDC9F3F73A496F3F15DF165 /* Pods-citizenconnectUITests.release.xcconfig */,
			);
			name = Pods;
			sourceTree = "<group>";
		};
		7852A452F212DEFEDC9BDE7B /* Frameworks */ = {
			isa = PBXGroup;
			children = (
				1DA0F4DA206232C900807630 /* Alamofire.framework */,
				71900A01402028B620234862 /* Pods_citizenconnect.framework */,
				15653F29B7175866F83FB0AE /* Pods_citizenconnectTests.framework */,
				87B2D8489847CF80A2E08F56 /* Pods_citizenconnectUITests.framework */,
			);
			name = Frameworks;
			sourceTree = "<group>";
		};
/* End PBXGroup section */

/* Begin PBXNativeTarget section */
		1D451EF52040031200328551 /* citizenconnect */ = {
			isa = PBXNativeTarget;
			buildConfigurationList = 1D451F202040031200328551 /* Build configuration list for PBXNativeTarget "citizenconnect" */;
			buildPhases = (
				BBEE1DEF3AC7B84010F9D334 /* [CP] Check Pods Manifest.lock */,
				1D451EF22040031200328551 /* Sources */,
				1D451EF32040031200328551 /* Frameworks */,
				1D451EF42040031200328551 /* Resources */,
				1DC715992046A93900D7C9F7 /* Embed Frameworks */,
				C4DAA11D945F95DABC859374 /* [CP] Embed Pods Frameworks */,
				1504D5B04785F371C7E81EA5 /* [CP] Copy Pods Resources */,
				1D1868E920665C010071A111 /* ShellScript */,
				1DE72ADD206CE9A100E04F9C /* ShellScript */,
			);
			buildRules = (
			);
			dependencies = (
			);
			name = citizenconnect;
			productName = citizenconnect;
			productReference = 1D451EF62040031200328551 /* citizenconnect.app */;
			productType = "com.apple.product-type.application";
		};
		1D451F0B2040031200328551 /* citizenconnectTests */ = {
			isa = PBXNativeTarget;
			buildConfigurationList = 1D451F232040031200328551 /* Build configuration list for PBXNativeTarget "citizenconnectTests" */;
			buildPhases = (
				2DA289B266382A9F52A954A0 /* [CP] Check Pods Manifest.lock */,
				1D451F082040031200328551 /* Sources */,
				1D451F092040031200328551 /* Frameworks */,
				1D451F0A2040031200328551 /* Resources */,
				1DC715A02046AB9000D7C9F7 /* ShellScript */,
				851369009465729E95D9E04C /* [CP] Embed Pods Frameworks */,
				A7CACA44D789A58CF955004C /* [CP] Copy Pods Resources */,
			);
			buildRules = (
			);
			dependencies = (
				1D451F0E2040031200328551 /* PBXTargetDependency */,
			);
			name = citizenconnectTests;
			productName = citizenconnectTests;
			productReference = 1D451F0C2040031200328551 /* citizenconnectTests.xctest */;
			productType = "com.apple.product-type.bundle.unit-test";
		};
		1D451F162040031200328551 /* citizenconnectUITests */ = {
			isa = PBXNativeTarget;
			buildConfigurationList = 1D451F262040031200328551 /* Build configuration list for PBXNativeTarget "citizenconnectUITests" */;
			buildPhases = (
				A3B86352E95775D90B0F9041 /* [CP] Check Pods Manifest.lock */,
				1D451F132040031200328551 /* Sources */,
				1D451F142040031200328551 /* Frameworks */,
				1D451F152040031200328551 /* Resources */,
				60A512A518B3AE742DF09851 /* [CP] Embed Pods Frameworks */,
				97E7340EE8B349F625D986DA /* [CP] Copy Pods Resources */,
			);
			buildRules = (
			);
			dependencies = (
				1D451F192040031200328551 /* PBXTargetDependency */,
			);
			name = citizenconnectUITests;
			productName = citizenconnectUITests;
			productReference = 1D451F172040031200328551 /* citizenconnectUITests.xctest */;
			productType = "com.apple.product-type.bundle.ui-testing";
		};
/* End PBXNativeTarget section */

/* Begin PBXProject section */
		1D451EEE2040031200328551 /* Project object */ = {
			isa = PBXProject;
			attributes = {
				LastSwiftUpdateCheck = 0920;
				LastUpgradeCheck = 0920;
				ORGANIZATIONNAME = cfp;
				TargetAttributes = {
					1D451EF52040031200328551 = {
						CreatedOnToolsVersion = 9.2;
						ProvisioningStyle = Automatic;
						SystemCapabilities = {
							com.apple.BackgroundModes = {
								enabled = 1;
							};
							com.apple.Push = {
								enabled = 1;
							};
						};
					};
					1D451F0B2040031200328551 = {
						CreatedOnToolsVersion = 9.2;
						ProvisioningStyle = Automatic;
						TestTargetID = 1D451EF52040031200328551;
					};
					1D451F162040031200328551 = {
						CreatedOnToolsVersion = 9.2;
						ProvisioningStyle = Automatic;
						TestTargetID = 1D451EF52040031200328551;
					};
				};
			};
			buildConfigurationList = 1D451EF12040031200328551 /* Build configuration list for PBXProject "citizenconnect" */;
			compatibilityVersion = "Xcode 8.0";
			developmentRegion = en;
			hasScannedForEncodings = 0;
			knownRegions = (
				en,
				Base,
			);
			mainGroup = 1D451EED2040031200328551;
			productRefGroup = 1D451EF72040031200328551 /* Products */;
			projectDirPath = "";
			projectRoot = "";
			targets = (
				1D451EF52040031200328551 /* citizenconnect */,
				1D451F0B2040031200328551 /* citizenconnectTests */,
				1D451F162040031200328551 /* citizenconnectUITests */,
			);
		};
/* End PBXProject section */

/* Begin PBXResourcesBuildPhase section */
		1D451EF42040031200328551 /* Resources */ = {
			isa = PBXResourcesBuildPhase;
			buildActionMask = 2147483647;
			files = (
				1D451F062040031200328551 /* LaunchScreen.storyboard in Resources */,
				1DFED7A420619BC50060923A /* GoogleService-Info.plist in Resources */,
				1D451F032040031200328551 /* Assets.xcassets in Resources */,
				1D451F012040031200328551 /* Main.storyboard in Resources */,
			);
			runOnlyForDeploymentPostprocessing = 0;
		};
		1D451F0A2040031200328551 /* Resources */ = {
			isa = PBXResourcesBuildPhase;
			buildActionMask = 2147483647;
			files = (
			);
			runOnlyForDeploymentPostprocessing = 0;
		};
		1D451F152040031200328551 /* Resources */ = {
			isa = PBXResourcesBuildPhase;
			buildActionMask = 2147483647;
			files = (
			);
			runOnlyForDeploymentPostprocessing = 0;
		};
/* End PBXResourcesBuildPhase section */

/* Begin PBXShellScriptBuildPhase section */
		1504D5B04785F371C7E81EA5 /* [CP] Copy Pods Resources */ = {
			isa = PBXShellScriptBuildPhase;
			buildActionMask = 2147483647;
			files = (
			);
			inputPaths = (
			);
			name = "[CP] Copy Pods Resources";
			outputPaths = (
			);
			runOnlyForDeploymentPostprocessing = 0;
			shellPath = /bin/sh;
			shellScript = "\"${SRCROOT}/Pods/Target Support Files/Pods-citizenconnect/Pods-citizenconnect-resources.sh\"\n";
			showEnvVarsInLog = 0;
		};
		1D1868E920665C010071A111 /* ShellScript */ = {
			isa = PBXShellScriptBuildPhase;
			buildActionMask = 2147483647;
			files = (
			);
			inputPaths = (
			);
			outputPaths = (
			);
			runOnlyForDeploymentPostprocessing = 0;
			shellPath = /bin/sh;
			shellScript = "bash \"${BUILT_PRODUCTS_DIR}/${FRAMEWORKS_FOLDER_PATH}/Realm.framework/strip-frameworks.sh\"";
		};
		1DC715A02046AB9000D7C9F7 /* ShellScript */ = {
			isa = PBXShellScriptBuildPhase;
			buildActionMask = 2147483647;
			files = (
			);
			inputPaths = (
			);
			outputPaths = (
			);
			runOnlyForDeploymentPostprocessing = 0;
			shellPath = /bin/sh;
			shellScript = "bash \"${BUILT_PRODUCTS_DIR}/${FRAMEWORKS_FOLDER_PATH}/Realm.framework/strip-frameworks.sh\"";
		};
		1DE72ADD206CE9A100E04F9C /* ShellScript */ = {
			isa = PBXShellScriptBuildPhase;
			buildActionMask = 2147483647;
			files = (
			);
			inputPaths = (
			);
			outputPaths = (
			);
			runOnlyForDeploymentPostprocessing = 0;
			shellPath = /bin/sh;
			shellScript = "\"${PODS_ROOT}/Fabric/run\" bfae663fa9eebd9d18d5aa4902482cb8c6a7dff9 1c0e86b595e8236899f8105cae1bd151d6fe29e19f42a19bca80b7fe0d807582";
		};
		2DA289B266382A9F52A954A0 /* [CP] Check Pods Manifest.lock */ = {
			isa = PBXShellScriptBuildPhase;
			buildActionMask = 2147483647;
			files = (
			);
			inputPaths = (
				"${PODS_PODFILE_DIR_PATH}/Podfile.lock",
				"${PODS_ROOT}/Manifest.lock",
			);
			name = "[CP] Check Pods Manifest.lock";
			outputPaths = (
				"$(DERIVED_FILE_DIR)/Pods-citizenconnectTests-checkManifestLockResult.txt",
			);
			runOnlyForDeploymentPostprocessing = 0;
			shellPath = /bin/sh;
			shellScript = "diff \"${PODS_PODFILE_DIR_PATH}/Podfile.lock\" \"${PODS_ROOT}/Manifest.lock\" > /dev/null\nif [ $? != 0 ] ; then\n    # print error to STDERR\n    echo \"error: The sandbox is not in sync with the Podfile.lock. Run 'pod install' or update your CocoaPods installation.\" >&2\n    exit 1\nfi\n# This output is used by Xcode 'outputs' to avoid re-running this script phase.\necho \"SUCCESS\" > \"${SCRIPT_OUTPUT_FILE_0}\"\n";
			showEnvVarsInLog = 0;
		};
		60A512A518B3AE742DF09851 /* [CP] Embed Pods Frameworks */ = {
			isa = PBXShellScriptBuildPhase;
			buildActionMask = 2147483647;
			files = (
			);
			inputPaths = (
			);
			name = "[CP] Embed Pods Frameworks";
			outputPaths = (
			);
			runOnlyForDeploymentPostprocessing = 0;
			shellPath = /bin/sh;
			shellScript = "\"${SRCROOT}/Pods/Target Support Files/Pods-citizenconnectUITests/Pods-citizenconnectUITests-frameworks.sh\"\n";
			showEnvVarsInLog = 0;
		};
		851369009465729E95D9E04C /* [CP] Embed Pods Frameworks */ = {
			isa = PBXShellScriptBuildPhase;
			buildActionMask = 2147483647;
			files = (
			);
			inputPaths = (
			);
			name = "[CP] Embed Pods Frameworks";
			outputPaths = (
			);
			runOnlyForDeploymentPostprocessing = 0;
			shellPath = /bin/sh;
			shellScript = "\"${SRCROOT}/Pods/Target Support Files/Pods-citizenconnectTests/Pods-citizenconnectTests-frameworks.sh\"\n";
			showEnvVarsInLog = 0;
		};
		97E7340EE8B349F625D986DA /* [CP] Copy Pods Resources */ = {
			isa = PBXShellScriptBuildPhase;
			buildActionMask = 2147483647;
			files = (
			);
			inputPaths = (
			);
			name = "[CP] Copy Pods Resources";
			outputPaths = (
			);
			runOnlyForDeploymentPostprocessing = 0;
			shellPath = /bin/sh;
			shellScript = "\"${SRCROOT}/Pods/Target Support Files/Pods-citizenconnectUITests/Pods-citizenconnectUITests-resources.sh\"\n";
			showEnvVarsInLog = 0;
		};
		A3B86352E95775D90B0F9041 /* [CP] Check Pods Manifest.lock */ = {
			isa = PBXShellScriptBuildPhase;
			buildActionMask = 2147483647;
			files = (
			);
			inputPaths = (
				"${PODS_PODFILE_DIR_PATH}/Podfile.lock",
				"${PODS_ROOT}/Manifest.lock",
			);
			name = "[CP] Check Pods Manifest.lock";
			outputPaths = (
				"$(DERIVED_FILE_DIR)/Pods-citizenconnectUITests-checkManifestLockResult.txt",
			);
			runOnlyForDeploymentPostprocessing = 0;
			shellPath = /bin/sh;
			shellScript = "diff \"${PODS_PODFILE_DIR_PATH}/Podfile.lock\" \"${PODS_ROOT}/Manifest.lock\" > /dev/null\nif [ $? != 0 ] ; then\n    # print error to STDERR\n    echo \"error: The sandbox is not in sync with the Podfile.lock. Run 'pod install' or update your CocoaPods installation.\" >&2\n    exit 1\nfi\n# This output is used by Xcode 'outputs' to avoid re-running this script phase.\necho \"SUCCESS\" > \"${SCRIPT_OUTPUT_FILE_0}\"\n";
			showEnvVarsInLog = 0;
		};
		A7CACA44D789A58CF955004C /* [CP] Copy Pods Resources */ = {
			isa = PBXShellScriptBuildPhase;
			buildActionMask = 2147483647;
			files = (
			);
			inputPaths = (
			);
			name = "[CP] Copy Pods Resources";
			outputPaths = (
			);
			runOnlyForDeploymentPostprocessing = 0;
			shellPath = /bin/sh;
			shellScript = "\"${SRCROOT}/Pods/Target Support Files/Pods-citizenconnectTests/Pods-citizenconnectTests-resources.sh\"\n";
			showEnvVarsInLog = 0;
		};
		BBEE1DEF3AC7B84010F9D334 /* [CP] Check Pods Manifest.lock */ = {
			isa = PBXShellScriptBuildPhase;
			buildActionMask = 2147483647;
			files = (
			);
			inputPaths = (
				"${PODS_PODFILE_DIR_PATH}/Podfile.lock",
				"${PODS_ROOT}/Manifest.lock",
			);
			name = "[CP] Check Pods Manifest.lock";
			outputPaths = (
				"$(DERIVED_FILE_DIR)/Pods-citizenconnect-checkManifestLockResult.txt",
			);
			runOnlyForDeploymentPostprocessing = 0;
			shellPath = /bin/sh;
			shellScript = "diff \"${PODS_PODFILE_DIR_PATH}/Podfile.lock\" \"${PODS_ROOT}/Manifest.lock\" > /dev/null\nif [ $? != 0 ] ; then\n    # print error to STDERR\n    echo \"error: The sandbox is not in sync with the Podfile.lock. Run 'pod install' or update your CocoaPods installation.\" >&2\n    exit 1\nfi\n# This output is used by Xcode 'outputs' to avoid re-running this script phase.\necho \"SUCCESS\" > \"${SCRIPT_OUTPUT_FILE_0}\"\n";
			showEnvVarsInLog = 0;
		};
		C4DAA11D945F95DABC859374 /* [CP] Embed Pods Frameworks */ = {
			isa = PBXShellScriptBuildPhase;
			buildActionMask = 2147483647;
			files = (
			);
			inputPaths = (
				"${SRCROOT}/Pods/Target Support Files/Pods-citizenconnect/Pods-citizenconnect-frameworks.sh",
				"${BUILT_PRODUCTS_DIR}/Alamofire/Alamofire.framework",
				"${BUILT_PRODUCTS_DIR}/AlamofireImage/AlamofireImage.framework",
				"${BUILT_PRODUCTS_DIR}/GTMSessionFetcher/GTMSessionFetcher.framework",
				"${BUILT_PRODUCTS_DIR}/GoogleToolboxForMac/GoogleToolboxForMac.framework",
				"${BUILT_PRODUCTS_DIR}/ImageScrollView/ImageScrollView.framework",
				"${BUILT_PRODUCTS_DIR}/MBCircularProgressBar/MBCircularProgressBar.framework",
				"${BUILT_PRODUCTS_DIR}/ObjectMapper/ObjectMapper.framework",
				"${BUILT_PRODUCTS_DIR}/Popover/Popover.framework",
				"${BUILT_PRODUCTS_DIR}/Protobuf/Protobuf.framework",
				"${BUILT_PRODUCTS_DIR}/SDWebImage/SDWebImage.framework",
				"${BUILT_PRODUCTS_DIR}/Toast-Swift/Toast_Swift.framework",
				"${BUILT_PRODUCTS_DIR}/leveldb-library/leveldb.framework",
				"${BUILT_PRODUCTS_DIR}/nanopb/nanopb.framework",
			);
			name = "[CP] Embed Pods Frameworks";
			outputPaths = (
				"${TARGET_BUILD_DIR}/${FRAMEWORKS_FOLDER_PATH}/Alamofire.framework",
				"${TARGET_BUILD_DIR}/${FRAMEWORKS_FOLDER_PATH}/AlamofireImage.framework",
				"${TARGET_BUILD_DIR}/${FRAMEWORKS_FOLDER_PATH}/GTMSessionFetcher.framework",
				"${TARGET_BUILD_DIR}/${FRAMEWORKS_FOLDER_PATH}/GoogleToolboxForMac.framework",
				"${TARGET_BUILD_DIR}/${FRAMEWORKS_FOLDER_PATH}/ImageScrollView.framework",
				"${TARGET_BUILD_DIR}/${FRAMEWORKS_FOLDER_PATH}/MBCircularProgressBar.framework",
				"${TARGET_BUILD_DIR}/${FRAMEWORKS_FOLDER_PATH}/ObjectMapper.framework",
				"${TARGET_BUILD_DIR}/${FRAMEWORKS_FOLDER_PATH}/Popover.framework",
				"${TARGET_BUILD_DIR}/${FRAMEWORKS_FOLDER_PATH}/Protobuf.framework",
				"${TARGET_BUILD_DIR}/${FRAMEWORKS_FOLDER_PATH}/SDWebImage.framework",
				"${TARGET_BUILD_DIR}/${FRAMEWORKS_FOLDER_PATH}/Toast_Swift.framework",
				"${TARGET_BUILD_DIR}/${FRAMEWORKS_FOLDER_PATH}/leveldb.framework",
				"${TARGET_BUILD_DIR}/${FRAMEWORKS_FOLDER_PATH}/nanopb.framework",
			);
			runOnlyForDeploymentPostprocessing = 0;
			shellPath = /bin/sh;
			shellScript = "\"${SRCROOT}/Pods/Target Support Files/Pods-citizenconnect/Pods-citizenconnect-frameworks.sh\"\n";
			showEnvVarsInLog = 0;
		};
/* End PBXShellScriptBuildPhase section */

/* Begin PBXSourcesBuildPhase section */
		1D451EF22040031200328551 /* Sources */ = {
			isa = PBXSourcesBuildPhase;
			buildActionMask = 2147483647;
			files = (
				1DC715A52046B4B700D7C9F7 /* Firebase.swift in Sources */,
				1DA8876C204FDD1600554C76 /* MyUtils.swift in Sources */,
				1DA88766204FD11500554C76 /* ServicesViewController.swift in Sources */,
				1DEEA0A9205A61310078D764 /* FeedbackViewController.swift in Sources */,
				1DB123AE206112AA00C6968A /* ServicesNC.swift in Sources */,
				1D1564D2205116E300A2EE64 /* LayoutServicesCollectionViewCell.swift in Sources */,
				1DD3EBE72056B2A30000CE11 /* LaunchScreenController.swift in Sources */,
				1DD7B828205B88910094137A /* ImageViewer.swift in Sources */,
				1DFCEA382048941000078695 /* NotificationCollectionViewCell.swift in Sources */,
				1DC715A22046AF3200D7C9F7 /* Notification.swift in Sources */,
				1D594B03205ED9390016EA1B /* NotificationNC.swift in Sources */,
				1DDF2E662059A5AF0098185C /* Spinner.swift in Sources */,
				1D451EFE2040031200328551 /* DataSetViewController.swift in Sources */,
				1D486052206B86330059BE95 /* ApiManager.swift in Sources */,
				1DA8876A204FDAA400554C76 /* Layout.swift in Sources */,
				1D0618D12068DB0D002C1F11 /* NotificationStatus.swift in Sources */,
				1DA88768204FD47700554C76 /* Services.swift in Sources */,
				1D451EFA2040031200328551 /* AppDelegate.swift in Sources */,
				1DFED7A220616DBE0060923A /* PopUpViewController.swift in Sources */,
				1D4D82152051621B00D81F71 /* PdfViewer.swift in Sources */,
				1D451EFC2040031200328551 /* NotificationViewController.swift in Sources */,
				1D49E6612057A3E700B088BE /* LaunchScreenViewController.swift in Sources */,
				1DB123AC20610FC700C6968A /* DataListNC.swift in Sources */,
				1D55A90F2060F45700A9B81C /* VerifyPhoneController.swift in Sources */,
				1DBD37B02059392500B13217 /* DataSetsTableViewCell.swift in Sources */,
				1DBD37AE2059360600B13217 /* DataSetLsitViewController.swift in Sources */,
				1D49E6632057B56F00B088BE /* DataSet.swift in Sources */,
				1D4717162061394000981B20 /* AboutUsVC.swift in Sources */,
				1D1564D4205131B800A2EE64 /* LayoutDataSetsCollectionViewCell.swift in Sources */,
			);
			runOnlyForDeploymentPostprocessing = 0;
		};
		1D451F082040031200328551 /* Sources */ = {
			isa = PBXSourcesBuildPhase;
			buildActionMask = 2147483647;
			files = (
				1D451F112040031200328551 /* citizenconnectTests.swift in Sources */,
			);
			runOnlyForDeploymentPostprocessing = 0;
		};
		1D451F132040031200328551 /* Sources */ = {
			isa = PBXSourcesBuildPhase;
			buildActionMask = 2147483647;
			files = (
				1D451F1C2040031200328551 /* citizenconnectUITests.swift in Sources */,
			);
			runOnlyForDeploymentPostprocessing = 0;
		};
/* End PBXSourcesBuildPhase section */

/* Begin PBXTargetDependency section */
		1D451F0E2040031200328551 /* PBXTargetDependency */ = {
			isa = PBXTargetDependency;
			target = 1D451EF52040031200328551 /* citizenconnect */;
			targetProxy = 1D451F0D2040031200328551 /* PBXContainerItemProxy */;
		};
		1D451F192040031200328551 /* PBXTargetDependency */ = {
			isa = PBXTargetDependency;
			target = 1D451EF52040031200328551 /* citizenconnect */;
			targetProxy = 1D451F182040031200328551 /* PBXContainerItemProxy */;
		};
/* End PBXTargetDependency section */

/* Begin PBXVariantGroup section */
		1D451EFF2040031200328551 /* Main.storyboard */ = {
			isa = PBXVariantGroup;
			children = (
				1D451F002040031200328551 /* Base */,
			);
			name = Main.storyboard;
			sourceTree = "<group>";
		};
		1D451F042040031200328551 /* LaunchScreen.storyboard */ = {
			isa = PBXVariantGroup;
			children = (
				1D451F052040031200328551 /* Base */,
			);
			name = LaunchScreen.storyboard;
			sourceTree = "<group>";
		};
/* End PBXVariantGroup section */

/* Begin XCBuildConfiguration section */
		1D451F1E2040031200328551 /* Debug */ = {
			isa = XCBuildConfiguration;
			buildSettings = {
				ALWAYS_SEARCH_USER_PATHS = NO;
				CLANG_ANALYZER_NONNULL = YES;
				CLANG_ANALYZER_NUMBER_OBJECT_CONVERSION = YES_AGGRESSIVE;
				CLANG_CXX_LANGUAGE_STANDARD = "gnu++14";
				CLANG_CXX_LIBRARY = "libc++";
				CLANG_ENABLE_MODULES = YES;
				CLANG_ENABLE_OBJC_ARC = YES;
				CLANG_WARN_BLOCK_CAPTURE_AUTORELEASING = YES;
				CLANG_WARN_BOOL_CONVERSION = YES;
				CLANG_WARN_COMMA = YES;
				CLANG_WARN_CONSTANT_CONVERSION = YES;
				CLANG_WARN_DIRECT_OBJC_ISA_USAGE = YES_ERROR;
				CLANG_WARN_DOCUMENTATION_COMMENTS = YES;
				CLANG_WARN_EMPTY_BODY = YES;
				CLANG_WARN_ENUM_CONVERSION = YES;
				CLANG_WARN_INFINITE_RECURSION = YES;
				CLANG_WARN_INT_CONVERSION = YES;
				CLANG_WARN_NON_LITERAL_NULL_CONVERSION = YES;
				CLANG_WARN_OBJC_LITERAL_CONVERSION = YES;
				CLANG_WARN_OBJC_ROOT_CLASS = YES_ERROR;
				CLANG_WARN_RANGE_LOOP_ANALYSIS = YES;
				CLANG_WARN_STRICT_PROTOTYPES = YES;
				CLANG_WARN_SUSPICIOUS_MOVE = YES;
				CLANG_WARN_UNGUARDED_AVAILABILITY = YES_AGGRESSIVE;
				CLANG_WARN_UNREACHABLE_CODE = YES;
				CLANG_WARN__DUPLICATE_METHOD_MATCH = YES;
				CODE_SIGN_IDENTITY = "iPhone Developer";
				COPY_PHASE_STRIP = NO;
				DEBUG_INFORMATION_FORMAT = dwarf;
				ENABLE_STRICT_OBJC_MSGSEND = YES;
				ENABLE_TESTABILITY = YES;
				GCC_C_LANGUAGE_STANDARD = gnu11;
				GCC_DYNAMIC_NO_PIC = NO;
				GCC_NO_COMMON_BLOCKS = YES;
				GCC_OPTIMIZATION_LEVEL = 0;
				GCC_PREPROCESSOR_DEFINITIONS = (
					"DEBUG=1",
					"$(inherited)",
				);
				GCC_WARN_64_TO_32_BIT_CONVERSION = YES;
				GCC_WARN_ABOUT_RETURN_TYPE = YES_ERROR;
				GCC_WARN_UNDECLARED_SELECTOR = YES;
				GCC_WARN_UNINITIALIZED_AUTOS = YES_AGGRESSIVE;
				GCC_WARN_UNUSED_FUNCTION = YES;
				GCC_WARN_UNUSED_VARIABLE = YES;
				IPHONEOS_DEPLOYMENT_TARGET = 11.2;
				MTL_ENABLE_DEBUG_INFO = YES;
				ONLY_ACTIVE_ARCH = YES;
				SDKROOT = iphoneos;
				SWIFT_ACTIVE_COMPILATION_CONDITIONS = DEBUG;
				SWIFT_OPTIMIZATION_LEVEL = "-Onone";
			};
			name = Debug;
		};
		1D451F1F2040031200328551 /* Release */ = {
			isa = XCBuildConfiguration;
			buildSettings = {
				ALWAYS_SEARCH_USER_PATHS = NO;
				CLANG_ANALYZER_NONNULL = YES;
				CLANG_ANALYZER_NUMBER_OBJECT_CONVERSION = YES_AGGRESSIVE;
				CLANG_CXX_LANGUAGE_STANDARD = "gnu++14";
				CLANG_CXX_LIBRARY = "libc++";
				CLANG_ENABLE_MODULES = YES;
				CLANG_ENABLE_OBJC_ARC = YES;
				CLANG_WARN_BLOCK_CAPTURE_AUTORELEASING = YES;
				CLANG_WARN_BOOL_CONVERSION = YES;
				CLANG_WARN_COMMA = YES;
				CLANG_WARN_CONSTANT_CONVERSION = YES;
				CLANG_WARN_DIRECT_OBJC_ISA_USAGE = YES_ERROR;
				CLANG_WARN_DOCUMENTATION_COMMENTS = YES;
				CLANG_WARN_EMPTY_BODY = YES;
				CLANG_WARN_ENUM_CONVERSION = YES;
				CLANG_WARN_INFINITE_RECURSION = YES;
				CLANG_WARN_INT_CONVERSION = YES;
				CLANG_WARN_NON_LITERAL_NULL_CONVERSION = YES;
				CLANG_WARN_OBJC_LITERAL_CONVERSION = YES;
				CLANG_WARN_OBJC_ROOT_CLASS = YES_ERROR;
				CLANG_WARN_RANGE_LOOP_ANALYSIS = YES;
				CLANG_WARN_STRICT_PROTOTYPES = YES;
				CLANG_WARN_SUSPICIOUS_MOVE = YES;
				CLANG_WARN_UNGUARDED_AVAILABILITY = YES_AGGRESSIVE;
				CLANG_WARN_UNREACHABLE_CODE = YES;
				CLANG_WARN__DUPLICATE_METHOD_MATCH = YES;
				CODE_SIGN_IDENTITY = "iPhone Developer";
				COPY_PHASE_STRIP = NO;
				DEBUG_INFORMATION_FORMAT = "dwarf-with-dsym";
				ENABLE_NS_ASSERTIONS = NO;
				ENABLE_STRICT_OBJC_MSGSEND = YES;
				GCC_C_LANGUAGE_STANDARD = gnu11;
				GCC_NO_COMMON_BLOCKS = YES;
				GCC_WARN_64_TO_32_BIT_CONVERSION = YES;
				GCC_WARN_ABOUT_RETURN_TYPE = YES_ERROR;
				GCC_WARN_UNDECLARED_SELECTOR = YES;
				GCC_WARN_UNINITIALIZED_AUTOS = YES_AGGRESSIVE;
				GCC_WARN_UNUSED_FUNCTION = YES;
				GCC_WARN_UNUSED_VARIABLE = YES;
				IPHONEOS_DEPLOYMENT_TARGET = 11.2;
				MTL_ENABLE_DEBUG_INFO = NO;
				ONLY_ACTIVE_ARCH = YES;
				SDKROOT = iphoneos;
				SWIFT_OPTIMIZATION_LEVEL = "-Owholemodule";
				VALIDATE_PRODUCT = YES;
			};
			name = Release;
		};
		1D451F212040031200328551 /* Debug */ = {
			isa = XCBuildConfiguration;
			baseConfigurationReference = 70DD340F62B5A9FD9E8D5861 /* Pods-citizenconnect.debug.xcconfig */;
			buildSettings = {
				ASSETCATALOG_COMPILER_APPICON_NAME = AppIcon;
				CODE_SIGN_ENTITLEMENTS = citizenconnect/citizenconnect.entitlements;
				CODE_SIGN_STYLE = Automatic;
				DEVELOPMENT_TEAM = T43W8U7537;
				ENABLE_BITCODE = YES;
				FRAMEWORK_SEARCH_PATHS = (
					"$(inherited)",
					"$(PROJECT_DIR)",
				);
				GCC_OPTIMIZATION_LEVEL = 0;
				INFOPLIST_FILE = citizenconnect/Info.plist;
				IPHONEOS_DEPLOYMENT_TARGET = 11.0;
				LD_RUNPATH_SEARCH_PATHS = "$(inherited) @executable_path/Frameworks";
				PRODUCT_BUNDLE_IDENTIFIER = org.cfp.citizenconnect;
				PRODUCT_NAME = "$(TARGET_NAME)";
				SDKROOT = iphoneos11.2;
				SWIFT_VERSION = 4.0;
				TARGETED_DEVICE_FAMILY = 1;
			};
			name = Debug;
		};
		1D451F222040031200328551 /* Release */ = {
			isa = XCBuildConfiguration;
			baseConfigurationReference = 0EE205844894EC3DDF5B88BE /* Pods-citizenconnect.release.xcconfig */;
			buildSettings = {
				ASSETCATALOG_COMPILER_APPICON_NAME = AppIcon;
				CODE_SIGN_ENTITLEMENTS = citizenconnect/citizenconnect.entitlements;
				CODE_SIGN_STYLE = Automatic;
				DEVELOPMENT_TEAM = T43W8U7537;
				ENABLE_BITCODE = YES;
				FRAMEWORK_SEARCH_PATHS = (
					"$(inherited)",
					"$(PROJECT_DIR)",
				);
				GCC_OPTIMIZATION_LEVEL = 0;
				INFOPLIST_FILE = citizenconnect/Info.plist;
				IPHONEOS_DEPLOYMENT_TARGET = 11.0;
				LD_RUNPATH_SEARCH_PATHS = "$(inherited) @executable_path/Frameworks";
				PRODUCT_BUNDLE_IDENTIFIER = org.cfp.citizenconnect;
				PRODUCT_NAME = "$(TARGET_NAME)";
				SDKROOT = iphoneos11.2;
				SWIFT_VERSION = 4.0;
				TARGETED_DEVICE_FAMILY = 1;
				VALID_ARCHS = "arm64 armv7 armv7s";
			};
			name = Release;
		};
		1D451F242040031200328551 /* Debug */ = {
			isa = XCBuildConfiguration;
			baseConfigurationReference = 9992752076C8A79FF3C822AD /* Pods-citizenconnectTests.debug.xcconfig */;
			buildSettings = {
				ALWAYS_EMBED_SWIFT_STANDARD_LIBRARIES = YES;
				BUNDLE_LOADER = "$(TEST_HOST)";
				CODE_SIGN_STYLE = Automatic;
				FRAMEWORK_SEARCH_PATHS = "$(PROJECT_DIR)";
				INFOPLIST_FILE = citizenconnectTests/Info.plist;
				LD_RUNPATH_SEARCH_PATHS = "$(inherited) @executable_path/Frameworks @loader_path/Frameworks";
				PRODUCT_BUNDLE_IDENTIFIER = org.cfp.citizenconnectTests;
				PRODUCT_NAME = "$(TARGET_NAME)";
				SWIFT_VERSION = 4.0;
				TARGETED_DEVICE_FAMILY = "1,2";
				TEST_HOST = "$(BUILT_PRODUCTS_DIR)/citizenconnect.app/citizenconnect";
			};
			name = Debug;
		};
		1D451F252040031200328551 /* Release */ = {
			isa = XCBuildConfiguration;
			baseConfigurationReference = D951B2C004AD4AA0456520BB /* Pods-citizenconnectTests.release.xcconfig */;
			buildSettings = {
				ALWAYS_EMBED_SWIFT_STANDARD_LIBRARIES = YES;
				BUNDLE_LOADER = "$(TEST_HOST)";
				CODE_SIGN_STYLE = Automatic;
				FRAMEWORK_SEARCH_PATHS = "$(PROJECT_DIR)";
				INFOPLIST_FILE = citizenconnectTests/Info.plist;
				LD_RUNPATH_SEARCH_PATHS = "$(inherited) @executable_path/Frameworks @loader_path/Frameworks";
				PRODUCT_BUNDLE_IDENTIFIER = org.cfp.citizenconnectTests;
				PRODUCT_NAME = "$(TARGET_NAME)";
				SWIFT_VERSION = 4.0;
				TARGETED_DEVICE_FAMILY = "1,2";
				TEST_HOST = "$(BUILT_PRODUCTS_DIR)/citizenconnect.app/citizenconnect";
			};
			name = Release;
		};
		1D451F272040031200328551 /* Debug */ = {
			isa = XCBuildConfiguration;
			baseConfigurationReference = E373C370EAF3309AAABEEF92 /* Pods-citizenconnectUITests.debug.xcconfig */;
			buildSettings = {
				ALWAYS_EMBED_SWIFT_STANDARD_LIBRARIES = YES;
				CODE_SIGN_STYLE = Automatic;
				FRAMEWORK_SEARCH_PATHS = "$(PROJECT_DIR)";
				INFOPLIST_FILE = citizenconnectUITests/Info.plist;
				LD_RUNPATH_SEARCH_PATHS = "$(inherited) @executable_path/Frameworks @loader_path/Frameworks";
				PRODUCT_BUNDLE_IDENTIFIER = org.cfp.citizenconnectUITests;
				PRODUCT_NAME = "$(TARGET_NAME)";
				SWIFT_VERSION = 4.0;
				TARGETED_DEVICE_FAMILY = "1,2";
				TEST_TARGET_NAME = citizenconnect;
			};
			name = Debug;
		};
		1D451F282040031200328551 /* Release */ = {
			isa = XCBuildConfiguration;
			baseConfigurationReference = 7BDC9F3F73A496F3F15DF165 /* Pods-citizenconnectUITests.release.xcconfig */;
			buildSettings = {
				ALWAYS_EMBED_SWIFT_STANDARD_LIBRARIES = YES;
				CODE_SIGN_STYLE = Automatic;
				FRAMEWORK_SEARCH_PATHS = "$(PROJECT_DIR)";
				INFOPLIST_FILE = citizenconnectUITests/Info.plist;
				LD_RUNPATH_SEARCH_PATHS = "$(inherited) @executable_path/Frameworks @loader_path/Frameworks";
				PRODUCT_BUNDLE_IDENTIFIER = org.cfp.citizenconnectUITests;
				PRODUCT_NAME = "$(TARGET_NAME)";
				SWIFT_VERSION = 4.0;
				TARGETED_DEVICE_FAMILY = "1,2";
				TEST_TARGET_NAME = citizenconnect;
			};
			name = Release;
		};
/* End XCBuildConfiguration section */

/* Begin XCConfigurationList section */
		1D451EF12040031200328551 /* Build configuration list for PBXProject "citizenconnect" */ = {
			isa = XCConfigurationList;
			buildConfigurations = (
				1D451F1E2040031200328551 /* Debug */,
				1D451F1F2040031200328551 /* Release */,
			);
			defaultConfigurationIsVisible = 0;
			defaultConfigurationName = Release;
		};
		1D451F202040031200328551 /* Build configuration list for PBXNativeTarget "citizenconnect" */ = {
			isa = XCConfigurationList;
			buildConfigurations = (
				1D451F212040031200328551 /* Debug */,
				1D451F222040031200328551 /* Release */,
			);
			defaultConfigurationIsVisible = 0;
			defaultConfigurationName = Release;
		};
		1D451F232040031200328551 /* Build configuration list for PBXNativeTarget "citizenconnectTests" */ = {
			isa = XCConfigurationList;
			buildConfigurations = (
				1D451F242040031200328551 /* Debug */,
				1D451F252040031200328551 /* Release */,
			);
			defaultConfigurationIsVisible = 0;
			defaultConfigurationName = Release;
		};
		1D451F262040031200328551 /* Build configuration list for PBXNativeTarget "citizenconnectUITests" */ = {
			isa = XCConfigurationList;
			buildConfigurations = (
				1D451F272040031200328551 /* Debug */,
				1D451F282040031200328551 /* Release */,
			);
			defaultConfigurationIsVisible = 0;
			defaultConfigurationName = Release;
		};
/* End XCConfigurationList section */
	};
	rootObject = 1D451EEE2040031200328551 /* Project object */;
}
